[root]
name = "hammer"
version = "0.0.1"
dependencies = [
 "bodyparser 0.0.1 (git+https://github.com/iron/body-parser.git)",
 "docopt_macros 0.6.8 (git+git://github.com/docopt/docopt.rs)",
 "iron 0.0.5 (registry+https://github.com/rust-lang/crates.io-index)",
 "num 0.0.5 (registry+https://github.com/rust-lang/crates.io-index)",
 "persistent 0.0.1 (git+https://github.com/iron/persistent.git)",
 "router 0.0.1 (git+https://github.com/iron/router.git)",
]

[[package]]
name = "bodyparser"
version = "0.0.1"
source = "git+https://github.com/iron/body-parser.git#de6e84f0e457a9e0ecf51a1f0b68df2ed3d808c7"
dependencies = [
 "iron 0.0.5 (registry+https://github.com/rust-lang/crates.io-index)",
]

[[package]]
name = "cookie"
version = "0.0.1"
source = "registry+https://github.com/rust-lang/crates.io-index"
dependencies = [
 "openssl 0.2.1 (registry+https://github.com/rust-lang/crates.io-index)",
 "time 0.1.0 (registry+https://github.com/rust-lang/crates.io-index)",
 "url 0.2.1 (registry+https://github.com/rust-lang/crates.io-index)",
]

[[package]]
name = "docopt"
version = "0.6.8"
source = "git+git://github.com/docopt/docopt.rs#d64e31bf7ec44660bb4f98f5ab79c42758ea6b90"

[[package]]
name = "docopt_macros"
version = "0.6.8"
source = "git+git://github.com/docopt/docopt.rs#d64e31bf7ec44660bb4f98f5ab79c42758ea6b90"
dependencies = [
 "docopt 0.6.8 (git+git://github.com/docopt/docopt.rs)",
]

[[package]]
name = "error"
version = "0.0.1"
source = "registry+https://github.com/rust-lang/crates.io-index"
dependencies = [
 "typeable 0.0.2 (registry+https://github.com/rust-lang/crates.io-index)",
]

[[package]]
name = "gcc"
version = "0.1.0"
source = "registry+https://github.com/rust-lang/crates.io-index"

[[package]]
name = "hyper"
version = "0.0.6"
source = "registry+https://github.com/rust-lang/crates.io-index"
dependencies = [
 "cookie 0.0.1 (registry+https://github.com/rust-lang/crates.io-index)",
 "mime 0.0.1 (registry+https://github.com/rust-lang/crates.io-index)",
 "openssl 0.2.1 (registry+https://github.com/rust-lang/crates.io-index)",
 "time 0.1.0 (registry+https://github.com/rust-lang/crates.io-index)",
 "typeable 0.0.2 (registry+https://github.com/rust-lang/crates.io-index)",
 "unsafe-any 0.1.1 (registry+https://github.com/rust-lang/crates.io-index)",
 "url 0.2.1 (registry+https://github.com/rust-lang/crates.io-index)",
]

[[package]]
name = "iron"
version = "0.0.5"
source = "registry+https://github.com/rust-lang/crates.io-index"
dependencies = [
 "error 0.0.1 (registry+https://github.com/rust-lang/crates.io-index)",
 "hyper 0.0.6 (registry+https://github.com/rust-lang/crates.io-index)",
 "modifier 0.0.3 (registry+https://github.com/rust-lang/crates.io-index)",
 "plugin 0.0.0 (registry+https://github.com/rust-lang/crates.io-index)",
 "typemap 0.0.4 (registry+https://github.com/rust-lang/crates.io-index)",
 "url 0.2.1 (registry+https://github.com/rust-lang/crates.io-index)",
]

[[package]]
name = "mime"
version = "0.0.1"
source = "registry+https://github.com/rust-lang/crates.io-index"

[[package]]
name = "modifier"
version = "0.0.3"
source = "registry+https://github.com/rust-lang/crates.io-index"

[[package]]
name = "num"
version = "0.0.5"
source = "registry+https://github.com/rust-lang/crates.io-index"

[[package]]
name = "openssl"
version = "0.2.1"
source = "registry+https://github.com/rust-lang/crates.io-index"
dependencies = [
 "openssl-sys 0.2.1 (registry+https://github.com/rust-lang/crates.io-index)",
]

[[package]]
name = "openssl-sys"
version = "0.2.1"
source = "registry+https://github.com/rust-lang/crates.io-index"
dependencies = [
 "pkg-config 0.1.0 (registry+https://github.com/rust-lang/crates.io-index)",
]

[[package]]
name = "persistent"
version = "0.0.1"
source = "git+https://github.com/iron/persistent.git#a201b8d3e1ef277108b0968c4f3d8eeecfff9444"
dependencies = [
 "iron 0.0.5 (registry+https://github.com/rust-lang/crates.io-index)",
 "plugin 0.0.0 (registry+https://github.com/rust-lang/crates.io-index)",
]

[[package]]
name = "phantom"
version = "0.0.1"
source = "registry+https://github.com/rust-lang/crates.io-index"

[[package]]
name = "pkg-config"
version = "0.1.0"
source = "registry+https://github.com/rust-lang/crates.io-index"

[[package]]
name = "plugin"
version = "0.0.0"
source = "registry+https://github.com/rust-lang/crates.io-index"
dependencies = [
 "phantom 0.0.1 (registry+https://github.com/rust-lang/crates.io-index)",
 "typemap 0.0.4 (registry+https://github.com/rust-lang/crates.io-index)",
]

[[package]]
name = "route-recognizer"
version = "0.1.1"
source = "registry+https://github.com/rust-lang/crates.io-index"

[[package]]
name = "router"
version = "0.0.1"
source = "git+https://github.com/iron/router.git#ee82029756306ac1bb47a69ebe98d64ffaa75662"
dependencies = [
 "iron 0.0.5 (registry+https://github.com/rust-lang/crates.io-index)",
 "route-recognizer 0.1.1 (registry+https://github.com/rust-lang/crates.io-index)",
]

[[package]]
name = "time"
version = "0.1.0"
source = "registry+https://github.com/rust-lang/crates.io-index"
dependencies = [
 "gcc 0.1.0 (registry+https://github.com/rust-lang/crates.io-index)",
]

[[package]]
name = "typeable"
version = "0.0.2"
source = "registry+https://github.com/rust-lang/crates.io-index"

[[package]]
name = "typemap"
version = "0.0.4"
source = "registry+https://github.com/rust-lang/crates.io-index"
dependencies = [
 "phantom 0.0.1 (registry+https://github.com/rust-lang/crates.io-index)",
 "unsafe-any 0.1.1 (registry+https://github.com/rust-lang/crates.io-index)",
]

[[package]]
name = "unsafe-any"
version = "0.1.1"
source = "registry+https://github.com/rust-lang/crates.io-index"

[[package]]
name = "url"
version = "0.2.1"
source = "registry+https://github.com/rust-lang/crates.io-index"

